
Microsoft Visual Studio Solution File, Format Version 12.00
# Visual Studio Version 17
VisualStudioVersion = 17.7.34024.191
MinimumVisualStudioVersion = 16.0.0.0
Project("{9A19103F-16F7-4668-BE54-9A1E7A4F7556}") = "MyGame.Windows", "MyGame.Windows\MyGame.Windows.csproj", "{AF964490-C6F4-4297-BD89-92F94C986304}"
EndProject
Project("{9A19103F-16F7-4668-BE54-9A1E7A4F7556}") = "MyGame", "MyGame\MyGame.csproj", "{40691DE7-3BB7-4273-A84B-827A31F6DE19}"
EndProject
Global
	GlobalSection(SolutionConfigurationPlatforms) = preSolution
		Debug|Any CPU = Debug|Any CPU
		Release|Any CPU = Release|Any CPU
	EndGlobalSection
	GlobalSection(ProjectConfigurationPlatforms) = postSolution
		{AF964490-C6F4-4297-BD89-92F94C986304}.Debug|Any CPU.ActiveCfg = Debug|Any CPU
		{AF964490-C6F4-4297-BD89-92F94C986304}.Debug|Any CPU.Build.0 = Debug|Any CPU
		{AF964490-C6F4-4297-BD89-92F94C986304}.Release|Any CPU.ActiveCfg = Release|Any CPU
		{AF964490-C6F4-4297-BD89-92F94C986304}.Release|Any CPU.Build.0 = Release|Any CPU
		{40691DE7-3BB7-4273-A84B-827A31F6DE19}.Debug|Any CPU.ActiveCfg = Debug|Any CPU
		{40691DE7-3BB7-4273-A84B-827A31F6DE19}.Debug|Any CPU.Build.0 = Debug|Any CPU
		{40691DE7-3BB7-4273-A84B-827A31F6DE19}.Release|Any CPU.ActiveCfg = Release|Any CPU
		{40691DE7-3BB7-4273-A84B-827A31F6DE19}.Release|Any CPU.Build.0 = Release|Any CPU
	EndGlobalSection
	GlobalSection(SolutionProperties) = preSolution
		HideSolutionNode = FALSE
	EndGlobalSection
	GlobalSection(ExtensibilityGlobals) = postSolution
		SolutionGuid = {08AAC27E-5041-4803-B519-D74CAD43E2DA}
	EndGlobalSection
EndGlobal
